
Microsoft Visual Studio Solution File, Format Version 12.00
# Visual Studio Version 17
VisualStudioVersion = 17.3.32929.385
MinimumVisualStudioVersion = 10.0.40219.1
Project("{F184B08F-C81C-45F6-A57F-5ABD9991F28F}") = "Platformer Game", "Platformer Game\Platformer Game.vbproj", "{B4CF20C6-1E8F-43BA-A95E-CC5DEF0BD73C}"
EndProject
Global
	GlobalSection(SolutionConfigurationPlatforms) = preSolution
		Debug|Any CPU = Debug|Any CPU
		Release|Any CPU = Release|Any CPU
	EndGlobalSection
	GlobalSection(ProjectConfigurationPlatforms) = postSolution
		{B4CF20C6-1E8F-43BA-A95E-CC5DEF0BD73C}.Debug|Any CPU.ActiveCfg = Debug|Any CPU
		{B4CF20C6-1E8F-43BA-A95E-CC5DEF0BD73C}.Debug|Any CPU.Build.0 = Debug|Any CPU
		{B4CF20C6-1E8F-43BA-A95E-CC5DEF0BD73C}.Release|Any CPU.ActiveCfg = Release|Any CPU
		{B4CF20C6-1E8F-43BA-A95E-CC5DEF0BD73C}.Release|Any CPU.Build.0 = Release|Any CPU
	EndGlobalSection
	GlobalSection(SolutionProperties) = preSolution
		HideSolutionNode = FALSE
	EndGlobalSection
	GlobalSection(ExtensibilityGlobals) = postSolution
		SolutionGuid = {D8C445B5-4FBF-492B-9027-04BB8215780D}
	EndGlobalSection
EndGlobal
